
Microsoft Visual Studio Solution File, Format Version 12.00
# Visual Studio 15
VisualStudioVersion = 15.0.26124.0
MinimumVisualStudioVersion = 15.0.26124.0
Project("{F2A71F9B-5D33-465A-A702-920D77279786}") = "AdventOfCode2020.Day01", "AdventOfCode2020.Day01\AdventOfCode2020.Day01.fsproj", "{B12C5269-8C5B-4A7B-B12D-C7988945619B}"
EndProject
Project("{F2A71F9B-5D33-465A-A702-920D77279786}") = "AdventOfCode2020.Day02", "AdventOfCode2020.Day02\AdventOfCode2020.Day02.fsproj", "{69B19BF5-FE9F-4492-9896-DF65FC42086C}"
EndProject
Project("{F2A71F9B-5D33-465A-A702-920D77279786}") = "AdventOfCode2020.Day03", "AdventOfCode2020.Day03\AdventOfCode2020.Day03.fsproj", "{23F2C479-02DB-4D24-95F0-D6C89E6D3981}"
EndProject
Project("{F2A71F9B-5D33-465A-A702-920D77279786}") = "AdventOfCode2020.Day04", "AdventOfCode2020.Day04\AdventOfCode2020.Day04.fsproj", "{0F1D1424-ACF6-4F9F-81BC-0DE09AFAC036}"
EndProject
Project("{F2A71F9B-5D33-465A-A702-920D77279786}") = "AdventOfCode2020.Day05", "AdventOfCode2020.Day05\AdventOfCode2020.Day05.fsproj", "{A0F888D9-0ECE-4513-AEA2-81880F39E5D7}"
EndProject
Project("{F2A71F9B-5D33-465A-A702-920D77279786}") = "AdventOfCode2020.Day06", "AdventOfCode2020.Day06\AdventOfCode2020.Day06.fsproj", "{C24CC7B1-2373-4FEF-8FEB-D8B83E5E5AD3}"
EndProject
Project("{F2A71F9B-5D33-465A-A702-920D77279786}") = "AdventOfCode2020.Day07", "AdventOfCode2020.Day07\AdventOfCode2020.Day07.fsproj", "{84EE06D1-B2BB-48CF-B37A-FC1B930972D5}"
EndProject
Project("{F2A71F9B-5D33-465A-A702-920D77279786}") = "AdventOfCode2020.Day08", "AdventOfCode2020.Day08\AdventOfCode2020.Day08.fsproj", "{673C9AE3-8A27-4E6F-93F6-FB692B3EF588}"
EndProject
Project("{F2A71F9B-5D33-465A-A702-920D77279786}") = "AdventOfCode2020.Day09", "AdventOfCode2020.Day09\AdventOfCode2020.Day09.fsproj", "{B1B35E5E-253F-46C3-B5E0-312A9C0FF232}"
EndProject
Project("{F2A71F9B-5D33-465A-A702-920D77279786}") = "AdventOfCode2020.Day10", "AdventOfCode2020.Day10\AdventOfCode2020.Day10.fsproj", "{4217542D-1859-4128-84BF-ACF71FCC64C6}"
EndProject
Project("{F2A71F9B-5D33-465A-A702-920D77279786}") = "AdventOfCode2020.Day11", "AdventOfCode2020.Day11\AdventOfCode2020.Day11.fsproj", "{20124A48-4E42-415C-B574-7D4A336523E4}"
EndProject
Project("{F2A71F9B-5D33-465A-A702-920D77279786}") = "AdventOfCode2020.Day12", "AdventOfCode2020.Day12\AdventOfCode2020.Day12.fsproj", "{F97B3E8B-C67E-4A56-AD52-5A7FF0016F2F}"
EndProject
Project("{F2A71F9B-5D33-465A-A702-920D77279786}") = "AdventOfCode2020.Day13", "AdventOfCode2020.Day13\AdventOfCode2020.Day13.fsproj", "{0E148089-2651-4CAC-892A-B9A8959FD8A0}"
EndProject
Project("{F2A71F9B-5D33-465A-A702-920D77279786}") = "AdventOfCode2020.Day14", "AdventOfCode2020.Day14\AdventOfCode2020.Day14.fsproj", "{7D405497-DC66-488B-BF52-B2430A802F96}"
EndProject
Project("{F2A71F9B-5D33-465A-A702-920D77279786}") = "AdventOfCode2020.Day15", "AdventOfCode2020.Day15\AdventOfCode2020.Day15.fsproj", "{DA5492DA-2B6F-416D-86C3-8297B58FDC22}"
EndProject
Global
	GlobalSection(SolutionProperties) = preSolution
		HideSolutionNode = FALSE
	EndGlobalSection
	GlobalSection(SolutionConfigurationPlatforms) = preSolution
		Debug|Any CPU = Debug|Any CPU
		Debug|x64 = Debug|x64
		Debug|x86 = Debug|x86
		Release|Any CPU = Release|Any CPU
		Release|x64 = Release|x64
		Release|x86 = Release|x86
	EndGlobalSection
	GlobalSection(ProjectConfigurationPlatforms) = postSolution
		{B12C5269-8C5B-4A7B-B12D-C7988945619B}.Debug|Any CPU.ActiveCfg = Debug|Any CPU
		{B12C5269-8C5B-4A7B-B12D-C7988945619B}.Debug|Any CPU.Build.0 = Debug|Any CPU
		{B12C5269-8C5B-4A7B-B12D-C7988945619B}.Debug|x64.ActiveCfg = Debug|Any CPU
		{B12C5269-8C5B-4A7B-B12D-C7988945619B}.Debug|x64.Build.0 = Debug|Any CPU
		{B12C5269-8C5B-4A7B-B12D-C7988945619B}.Debug|x86.ActiveCfg = Debug|Any CPU
		{B12C5269-8C5B-4A7B-B12D-C7988945619B}.Debug|x86.Build.0 = Debug|Any CPU
		{B12C5269-8C5B-4A7B-B12D-C7988945619B}.Release|Any CPU.ActiveCfg = Release|Any CPU
		{B12C5269-8C5B-4A7B-B12D-C7988945619B}.Release|Any CPU.Build.0 = Release|Any CPU
		{B12C5269-8C5B-4A7B-B12D-C7988945619B}.Release|x64.ActiveCfg = Release|Any CPU
		{B12C5269-8C5B-4A7B-B12D-C7988945619B}.Release|x64.Build.0 = Release|Any CPU
		{B12C5269-8C5B-4A7B-B12D-C7988945619B}.Release|x86.ActiveCfg = Release|Any CPU
		{B12C5269-8C5B-4A7B-B12D-C7988945619B}.Release|x86.Build.0 = Release|Any CPU
		{69B19BF5-FE9F-4492-9896-DF65FC42086C}.Debug|Any CPU.ActiveCfg = Debug|Any CPU
		{69B19BF5-FE9F-4492-9896-DF65FC42086C}.Debug|Any CPU.Build.0 = Debug|Any CPU
		{69B19BF5-FE9F-4492-9896-DF65FC42086C}.Debug|x64.ActiveCfg = Debug|Any CPU
		{69B19BF5-FE9F-4492-9896-DF65FC42086C}.Debug|x64.Build.0 = Debug|Any CPU
		{69B19BF5-FE9F-4492-9896-DF65FC42086C}.Debug|x86.ActiveCfg = Debug|Any CPU
		{69B19BF5-FE9F-4492-9896-DF65FC42086C}.Debug|x86.Build.0 = Debug|Any CPU
		{69B19BF5-FE9F-4492-9896-DF65FC42086C}.Release|Any CPU.ActiveCfg = Release|Any CPU
		{69B19BF5-FE9F-4492-9896-DF65FC42086C}.Release|Any CPU.Build.0 = Release|Any CPU
		{69B19BF5-FE9F-4492-9896-DF65FC42086C}.Release|x64.ActiveCfg = Release|Any CPU
		{69B19BF5-FE9F-4492-9896-DF65FC42086C}.Release|x64.Build.0 = Release|Any CPU
		{69B19BF5-FE9F-4492-9896-DF65FC42086C}.Release|x86.ActiveCfg = Release|Any CPU
		{69B19BF5-FE9F-4492-9896-DF65FC42086C}.Release|x86.Build.0 = Release|Any CPU
		{23F2C479-02DB-4D24-95F0-D6C89E6D3981}.Debug|Any CPU.ActiveCfg = Debug|Any CPU
		{23F2C479-02DB-4D24-95F0-D6C89E6D3981}.Debug|Any CPU.Build.0 = Debug|Any CPU
		{23F2C479-02DB-4D24-95F0-D6C89E6D3981}.Debug|x64.ActiveCfg = Debug|Any CPU
		{23F2C479-02DB-4D24-95F0-D6C89E6D3981}.Debug|x64.Build.0 = Debug|Any CPU
		{23F2C479-02DB-4D24-95F0-D6C89E6D3981}.Debug|x86.ActiveCfg = Debug|Any CPU
		{23F2C479-02DB-4D24-95F0-D6C89E6D3981}.Debug|x86.Build.0 = Debug|Any CPU
		{23F2C479-02DB-4D24-95F0-D6C89E6D3981}.Release|Any CPU.ActiveCfg = Release|Any CPU
		{23F2C479-02DB-4D24-95F0-D6C89E6D3981}.Release|Any CPU.Build.0 = Release|Any CPU
		{23F2C479-02DB-4D24-95F0-D6C89E6D3981}.Release|x64.ActiveCfg = Release|Any CPU
		{23F2C479-02DB-4D24-95F0-D6C89E6D3981}.Release|x64.Build.0 = Release|Any CPU
		{23F2C479-02DB-4D24-95F0-D6C89E6D3981}.Release|x86.ActiveCfg = Release|Any CPU
		{23F2C479-02DB-4D24-95F0-D6C89E6D3981}.Release|x86.Build.0 = Release|Any CPU
		{A073EA66-5C2D-407D-B4BC-190B75E0F74E}.Debug|Any CPU.ActiveCfg = Debug|Any CPU
		{A073EA66-5C2D-407D-B4BC-190B75E0F74E}.Debug|Any CPU.Build.0 = Debug|Any CPU
		{A073EA66-5C2D-407D-B4BC-190B75E0F74E}.Debug|x64.ActiveCfg = Debug|Any CPU
		{A073EA66-5C2D-407D-B4BC-190B75E0F74E}.Debug|x64.Build.0 = Debug|Any CPU
		{A073EA66-5C2D-407D-B4BC-190B75E0F74E}.Debug|x86.ActiveCfg = Debug|Any CPU
		{A073EA66-5C2D-407D-B4BC-190B75E0F74E}.Debug|x86.Build.0 = Debug|Any CPU
		{A073EA66-5C2D-407D-B4BC-190B75E0F74E}.Release|Any CPU.ActiveCfg = Release|Any CPU
		{A073EA66-5C2D-407D-B4BC-190B75E0F74E}.Release|Any CPU.Build.0 = Release|Any CPU
		{A073EA66-5C2D-407D-B4BC-190B75E0F74E}.Release|x64.ActiveCfg = Release|Any CPU
		{A073EA66-5C2D-407D-B4BC-190B75E0F74E}.Release|x64.Build.0 = Release|Any CPU
		{A073EA66-5C2D-407D-B4BC-190B75E0F74E}.Release|x86.ActiveCfg = Release|Any CPU
		{A073EA66-5C2D-407D-B4BC-190B75E0F74E}.Release|x86.Build.0 = Release|Any CPU
		{0F1D1424-ACF6-4F9F-81BC-0DE09AFAC036}.Debug|Any CPU.ActiveCfg = Debug|Any CPU
		{0F1D1424-ACF6-4F9F-81BC-0DE09AFAC036}.Debug|Any CPU.Build.0 = Debug|Any CPU
		{0F1D1424-ACF6-4F9F-81BC-0DE09AFAC036}.Debug|x64.ActiveCfg = Debug|Any CPU
		{0F1D1424-ACF6-4F9F-81BC-0DE09AFAC036}.Debug|x64.Build.0 = Debug|Any CPU
		{0F1D1424-ACF6-4F9F-81BC-0DE09AFAC036}.Debug|x86.ActiveCfg = Debug|Any CPU
		{0F1D1424-ACF6-4F9F-81BC-0DE09AFAC036}.Debug|x86.Build.0 = Debug|Any CPU
		{0F1D1424-ACF6-4F9F-81BC-0DE09AFAC036}.Release|Any CPU.ActiveCfg = Release|Any CPU
		{0F1D1424-ACF6-4F9F-81BC-0DE09AFAC036}.Release|Any CPU.Build.0 = Release|Any CPU
		{0F1D1424-ACF6-4F9F-81BC-0DE09AFAC036}.Release|x64.ActiveCfg = Release|Any CPU
		{0F1D1424-ACF6-4F9F-81BC-0DE09AFAC036}.Release|x64.Build.0 = Release|Any CPU
		{0F1D1424-ACF6-4F9F-81BC-0DE09AFAC036}.Release|x86.ActiveCfg = Release|Any CPU
		{0F1D1424-ACF6-4F9F-81BC-0DE09AFAC036}.Release|x86.Build.0 = Release|Any CPU
		{A0F888D9-0ECE-4513-AEA2-81880F39E5D7}.Debug|Any CPU.ActiveCfg = Debug|Any CPU
		{A0F888D9-0ECE-4513-AEA2-81880F39E5D7}.Debug|Any CPU.Build.0 = Debug|Any CPU
		{A0F888D9-0ECE-4513-AEA2-81880F39E5D7}.Debug|x64.ActiveCfg = Debug|Any CPU
		{A0F888D9-0ECE-4513-AEA2-81880F39E5D7}.Debug|x64.Build.0 = Debug|Any CPU
		{A0F888D9-0ECE-4513-AEA2-81880F39E5D7}.Debug|x86.ActiveCfg = Debug|Any CPU
		{A0F888D9-0ECE-4513-AEA2-81880F39E5D7}.Debug|x86.Build.0 = Debug|Any CPU
		{A0F888D9-0ECE-4513-AEA2-81880F39E5D7}.Release|Any CPU.ActiveCfg = Release|Any CPU
		{A0F888D9-0ECE-4513-AEA2-81880F39E5D7}.Release|Any CPU.Build.0 = Release|Any CPU
		{A0F888D9-0ECE-4513-AEA2-81880F39E5D7}.Release|x64.ActiveCfg = Release|Any CPU
		{A0F888D9-0ECE-4513-AEA2-81880F39E5D7}.Release|x64.Build.0 = Release|Any CPU
		{A0F888D9-0ECE-4513-AEA2-81880F39E5D7}.Release|x86.ActiveCfg = Release|Any CPU
		{A0F888D9-0ECE-4513-AEA2-81880F39E5D7}.Release|x86.Build.0 = Release|Any CPU
		{C24CC7B1-2373-4FEF-8FEB-D8B83E5E5AD3}.Debug|Any CPU.ActiveCfg = Debug|Any CPU
		{C24CC7B1-2373-4FEF-8FEB-D8B83E5E5AD3}.Debug|Any CPU.Build.0 = Debug|Any CPU
		{C24CC7B1-2373-4FEF-8FEB-D8B83E5E5AD3}.Debug|x64.ActiveCfg = Debug|Any CPU
		{C24CC7B1-2373-4FEF-8FEB-D8B83E5E5AD3}.Debug|x64.Build.0 = Debug|Any CPU
		{C24CC7B1-2373-4FEF-8FEB-D8B83E5E5AD3}.Debug|x86.ActiveCfg = Debug|Any CPU
		{C24CC7B1-2373-4FEF-8FEB-D8B83E5E5AD3}.Debug|x86.Build.0 = Debug|Any CPU
		{C24CC7B1-2373-4FEF-8FEB-D8B83E5E5AD3}.Release|Any CPU.ActiveCfg = Release|Any CPU
		{C24CC7B1-2373-4FEF-8FEB-D8B83E5E5AD3}.Release|Any CPU.Build.0 = Release|Any CPU
		{C24CC7B1-2373-4FEF-8FEB-D8B83E5E5AD3}.Release|x64.ActiveCfg = Release|Any CPU
		{C24CC7B1-2373-4FEF-8FEB-D8B83E5E5AD3}.Release|x64.Build.0 = Release|Any CPU
		{C24CC7B1-2373-4FEF-8FEB-D8B83E5E5AD3}.Release|x86.ActiveCfg = Release|Any CPU
		{C24CC7B1-2373-4FEF-8FEB-D8B83E5E5AD3}.Release|x86.Build.0 = Release|Any CPU
		{84EE06D1-B2BB-48CF-B37A-FC1B930972D5}.Debug|Any CPU.ActiveCfg = Debug|Any CPU
		{84EE06D1-B2BB-48CF-B37A-FC1B930972D5}.Debug|Any CPU.Build.0 = Debug|Any CPU
		{84EE06D1-B2BB-48CF-B37A-FC1B930972D5}.Debug|x64.ActiveCfg = Debug|Any CPU
		{84EE06D1-B2BB-48CF-B37A-FC1B930972D5}.Debug|x64.Build.0 = Debug|Any CPU
		{84EE06D1-B2BB-48CF-B37A-FC1B930972D5}.Debug|x86.ActiveCfg = Debug|Any CPU
		{84EE06D1-B2BB-48CF-B37A-FC1B930972D5}.Debug|x86.Build.0 = Debug|Any CPU
		{84EE06D1-B2BB-48CF-B37A-FC1B930972D5}.Release|Any CPU.ActiveCfg = Release|Any CPU
		{84EE06D1-B2BB-48CF-B37A-FC1B930972D5}.Release|Any CPU.Build.0 = Release|Any CPU
		{84EE06D1-B2BB-48CF-B37A-FC1B930972D5}.Release|x64.ActiveCfg = Release|Any CPU
		{84EE06D1-B2BB-48CF-B37A-FC1B930972D5}.Release|x64.Build.0 = Release|Any CPU
		{84EE06D1-B2BB-48CF-B37A-FC1B930972D5}.Release|x86.ActiveCfg = Release|Any CPU
		{84EE06D1-B2BB-48CF-B37A-FC1B930972D5}.Release|x86.Build.0 = Release|Any CPU
		{673C9AE3-8A27-4E6F-93F6-FB692B3EF588}.Debug|Any CPU.ActiveCfg = Debug|Any CPU
		{673C9AE3-8A27-4E6F-93F6-FB692B3EF588}.Debug|Any CPU.Build.0 = Debug|Any CPU
		{673C9AE3-8A27-4E6F-93F6-FB692B3EF588}.Debug|x64.ActiveCfg = Debug|Any CPU
		{673C9AE3-8A27-4E6F-93F6-FB692B3EF588}.Debug|x64.Build.0 = Debug|Any CPU
		{673C9AE3-8A27-4E6F-93F6-FB692B3EF588}.Debug|x86.ActiveCfg = Debug|Any CPU
		{673C9AE3-8A27-4E6F-93F6-FB692B3EF588}.Debug|x86.Build.0 = Debug|Any CPU
		{673C9AE3-8A27-4E6F-93F6-FB692B3EF588}.Release|Any CPU.ActiveCfg = Release|Any CPU
		{673C9AE3-8A27-4E6F-93F6-FB692B3EF588}.Release|Any CPU.Build.0 = Release|Any CPU
		{673C9AE3-8A27-4E6F-93F6-FB692B3EF588}.Release|x64.ActiveCfg = Release|Any CPU
		{673C9AE3-8A27-4E6F-93F6-FB692B3EF588}.Release|x64.Build.0 = Release|Any CPU
		{673C9AE3-8A27-4E6F-93F6-FB692B3EF588}.Release|x86.ActiveCfg = Release|Any CPU
		{673C9AE3-8A27-4E6F-93F6-FB692B3EF588}.Release|x86.Build.0 = Release|Any CPU
		{B1B35E5E-253F-46C3-B5E0-312A9C0FF232}.Debug|Any CPU.ActiveCfg = Debug|Any CPU
		{B1B35E5E-253F-46C3-B5E0-312A9C0FF232}.Debug|Any CPU.Build.0 = Debug|Any CPU
		{B1B35E5E-253F-46C3-B5E0-312A9C0FF232}.Debug|x64.ActiveCfg = Debug|Any CPU
		{B1B35E5E-253F-46C3-B5E0-312A9C0FF232}.Debug|x64.Build.0 = Debug|Any CPU
		{B1B35E5E-253F-46C3-B5E0-312A9C0FF232}.Debug|x86.ActiveCfg = Debug|Any CPU
		{B1B35E5E-253F-46C3-B5E0-312A9C0FF232}.Debug|x86.Build.0 = Debug|Any CPU
		{B1B35E5E-253F-46C3-B5E0-312A9C0FF232}.Release|Any CPU.ActiveCfg = Release|Any CPU
		{B1B35E5E-253F-46C3-B5E0-312A9C0FF232}.Release|Any CPU.Build.0 = Release|Any CPU
		{B1B35E5E-253F-46C3-B5E0-312A9C0FF232}.Release|x64.ActiveCfg = Release|Any CPU
		{B1B35E5E-253F-46C3-B5E0-312A9C0FF232}.Release|x64.Build.0 = Release|Any CPU
		{B1B35E5E-253F-46C3-B5E0-312A9C0FF232}.Release|x86.ActiveCfg = Release|Any CPU
		{B1B35E5E-253F-46C3-B5E0-312A9C0FF232}.Release|x86.Build.0 = Release|Any CPU
		{4217542D-1859-4128-84BF-ACF71FCC64C6}.Debug|Any CPU.ActiveCfg = Debug|Any CPU
		{4217542D-1859-4128-84BF-ACF71FCC64C6}.Debug|Any CPU.Build.0 = Debug|Any CPU
		{4217542D-1859-4128-84BF-ACF71FCC64C6}.Debug|x64.ActiveCfg = Debug|Any CPU
		{4217542D-1859-4128-84BF-ACF71FCC64C6}.Debug|x64.Build.0 = Debug|Any CPU
		{4217542D-1859-4128-84BF-ACF71FCC64C6}.Debug|x86.ActiveCfg = Debug|Any CPU
		{4217542D-1859-4128-84BF-ACF71FCC64C6}.Debug|x86.Build.0 = Debug|Any CPU
		{4217542D-1859-4128-84BF-ACF71FCC64C6}.Release|Any CPU.ActiveCfg = Release|Any CPU
		{4217542D-1859-4128-84BF-ACF71FCC64C6}.Release|Any CPU.Build.0 = Release|Any CPU
		{4217542D-1859-4128-84BF-ACF71FCC64C6}.Release|x64.ActiveCfg = Release|Any CPU
		{4217542D-1859-4128-84BF-ACF71FCC64C6}.Release|x64.Build.0 = Release|Any CPU
		{4217542D-1859-4128-84BF-ACF71FCC64C6}.Release|x86.ActiveCfg = Release|Any CPU
		{4217542D-1859-4128-84BF-ACF71FCC64C6}.Release|x86.Build.0 = Release|Any CPU
		{20124A48-4E42-415C-B574-7D4A336523E4}.Debug|Any CPU.ActiveCfg = Debug|Any CPU
		{20124A48-4E42-415C-B574-7D4A336523E4}.Debug|Any CPU.Build.0 = Debug|Any CPU
		{20124A48-4E42-415C-B574-7D4A336523E4}.Debug|x64.ActiveCfg = Debug|Any CPU
		{20124A48-4E42-415C-B574-7D4A336523E4}.Debug|x64.Build.0 = Debug|Any CPU
		{20124A48-4E42-415C-B574-7D4A336523E4}.Debug|x86.ActiveCfg = Debug|Any CPU
		{20124A48-4E42-415C-B574-7D4A336523E4}.Debug|x86.Build.0 = Debug|Any CPU
		{20124A48-4E42-415C-B574-7D4A336523E4}.Release|Any CPU.ActiveCfg = Release|Any CPU
		{20124A48-4E42-415C-B574-7D4A336523E4}.Release|Any CPU.Build.0 = Release|Any CPU
		{20124A48-4E42-415C-B574-7D4A336523E4}.Release|x64.ActiveCfg = Release|Any CPU
		{20124A48-4E42-415C-B574-7D4A336523E4}.Release|x64.Build.0 = Release|Any CPU
		{20124A48-4E42-415C-B574-7D4A336523E4}.Release|x86.ActiveCfg = Release|Any CPU
		{20124A48-4E42-415C-B574-7D4A336523E4}.Release|x86.Build.0 = Release|Any CPU
		{F97B3E8B-C67E-4A56-AD52-5A7FF0016F2F}.Debug|Any CPU.ActiveCfg = Debug|Any CPU
		{F97B3E8B-C67E-4A56-AD52-5A7FF0016F2F}.Debug|Any CPU.Build.0 = Debug|Any CPU
		{F97B3E8B-C67E-4A56-AD52-5A7FF0016F2F}.Debug|x64.ActiveCfg = Debug|Any CPU
		{F97B3E8B-C67E-4A56-AD52-5A7FF0016F2F}.Debug|x64.Build.0 = Debug|Any CPU
		{F97B3E8B-C67E-4A56-AD52-5A7FF0016F2F}.Debug|x86.ActiveCfg = Debug|Any CPU
		{F97B3E8B-C67E-4A56-AD52-5A7FF0016F2F}.Debug|x86.Build.0 = Debug|Any CPU
		{F97B3E8B-C67E-4A56-AD52-5A7FF0016F2F}.Release|Any CPU.ActiveCfg = Release|Any CPU
		{F97B3E8B-C67E-4A56-AD52-5A7FF0016F2F}.Release|Any CPU.Build.0 = Release|Any CPU
		{F97B3E8B-C67E-4A56-AD52-5A7FF0016F2F}.Release|x64.ActiveCfg = Release|Any CPU
		{F97B3E8B-C67E-4A56-AD52-5A7FF0016F2F}.Release|x64.Build.0 = Release|Any CPU
		{F97B3E8B-C67E-4A56-AD52-5A7FF0016F2F}.Release|x86.ActiveCfg = Release|Any CPU
		{F97B3E8B-C67E-4A56-AD52-5A7FF0016F2F}.Release|x86.Build.0 = Release|Any CPU
		{0E148089-2651-4CAC-892A-B9A8959FD8A0}.Debug|Any CPU.ActiveCfg = Debug|Any CPU
		{0E148089-2651-4CAC-892A-B9A8959FD8A0}.Debug|Any CPU.Build.0 = Debug|Any CPU
		{0E148089-2651-4CAC-892A-B9A8959FD8A0}.Debug|x64.ActiveCfg = Debug|Any CPU
		{0E148089-2651-4CAC-892A-B9A8959FD8A0}.Debug|x64.Build.0 = Debug|Any CPU
		{0E148089-2651-4CAC-892A-B9A8959FD8A0}.Debug|x86.ActiveCfg = Debug|Any CPU
		{0E148089-2651-4CAC-892A-B9A8959FD8A0}.Debug|x86.Build.0 = Debug|Any CPU
		{0E148089-2651-4CAC-892A-B9A8959FD8A0}.Release|Any CPU.ActiveCfg = Release|Any CPU
		{0E148089-2651-4CAC-892A-B9A8959FD8A0}.Release|Any CPU.Build.0 = Release|Any CPU
		{0E148089-2651-4CAC-892A-B9A8959FD8A0}.Release|x64.ActiveCfg = Release|Any CPU
		{0E148089-2651-4CAC-892A-B9A8959FD8A0}.Release|x64.Build.0 = Release|Any CPU
		{0E148089-2651-4CAC-892A-B9A8959FD8A0}.Release|x86.ActiveCfg = Release|Any CPU
		{0E148089-2651-4CAC-892A-B9A8959FD8A0}.Release|x86.Build.0 = Release|Any CPU
		{7D405497-DC66-488B-BF52-B2430A802F96}.Debug|Any CPU.ActiveCfg = Debug|Any CPU
		{7D405497-DC66-488B-BF52-B2430A802F96}.Debug|Any CPU.Build.0 = Debug|Any CPU
		{7D405497-DC66-488B-BF52-B2430A802F96}.Debug|x64.ActiveCfg = Debug|Any CPU
		{7D405497-DC66-488B-BF52-B2430A802F96}.Debug|x64.Build.0 = Debug|Any CPU
		{7D405497-DC66-488B-BF52-B2430A802F96}.Debug|x86.ActiveCfg = Debug|Any CPU
		{7D405497-DC66-488B-BF52-B2430A802F96}.Debug|x86.Build.0 = Debug|Any CPU
		{7D405497-DC66-488B-BF52-B2430A802F96}.Release|Any CPU.ActiveCfg = Release|Any CPU
		{7D405497-DC66-488B-BF52-B2430A802F96}.Release|Any CPU.Build.0 = Release|Any CPU
		{7D405497-DC66-488B-BF52-B2430A802F96}.Release|x64.ActiveCfg = Release|Any CPU
		{7D405497-DC66-488B-BF52-B2430A802F96}.Release|x64.Build.0 = Release|Any CPU
		{7D405497-DC66-488B-BF52-B2430A802F96}.Release|x86.ActiveCfg = Release|Any CPU
		{7D405497-DC66-488B-BF52-B2430A802F96}.Release|x86.Build.0 = Release|Any CPU
		{DA5492DA-2B6F-416D-86C3-8297B58FDC22}.Debug|Any CPU.ActiveCfg = Debug|Any CPU
		{DA5492DA-2B6F-416D-86C3-8297B58FDC22}.Debug|Any CPU.Build.0 = Debug|Any CPU
		{DA5492DA-2B6F-416D-86C3-8297B58FDC22}.Debug|x64.ActiveCfg = Debug|Any CPU
		{DA5492DA-2B6F-416D-86C3-8297B58FDC22}.Debug|x64.Build.0 = Debug|Any CPU
		{DA5492DA-2B6F-416D-86C3-8297B58FDC22}.Debug|x86.ActiveCfg = Debug|Any CPU
		{DA5492DA-2B6F-416D-86C3-8297B58FDC22}.Debug|x86.Build.0 = Debug|Any CPU
		{DA5492DA-2B6F-416D-86C3-8297B58FDC22}.Release|Any CPU.ActiveCfg = Release|Any CPU
		{DA5492DA-2B6F-416D-86C3-8297B58FDC22}.Release|Any CPU.Build.0 = Release|Any CPU
		{DA5492DA-2B6F-416D-86C3-8297B58FDC22}.Release|x64.ActiveCfg = Release|Any CPU
		{DA5492DA-2B6F-416D-86C3-8297B58FDC22}.Release|x64.Build.0 = Release|Any CPU
		{DA5492DA-2B6F-416D-86C3-8297B58FDC22}.Release|x86.ActiveCfg = Release|Any CPU
		{DA5492DA-2B6F-416D-86C3-8297B58FDC22}.Release|x86.Build.0 = Release|Any CPU
	EndGlobalSection
EndGlobal
