
Microsoft Visual Studio Solution File, Format Version 12.00
# Visual Studio 15
VisualStudioVersion = 15.0.26124.0
MinimumVisualStudioVersion = 15.0.26124.0
Project("{F2A71F9B-5D33-465A-A702-920D77279786}") = "AdventOfCode2020.Day01", "AdventOfCode2020.Day01\AdventOfCode2020.Day01.fsproj", "{B12C5269-8C5B-4A7B-B12D-C7988945619B}"
EndProject
Project("{F2A71F9B-5D33-465A-A702-920D77279786}") = "AdventOfCode2020.Day02", "AdventOfCode2020.Day02\AdventOfCode2020.Day02.fsproj", "{69B19BF5-FE9F-4492-9896-DF65FC42086C}"
EndProject
Project("{F2A71F9B-5D33-465A-A702-920D77279786}") = "AdventofCode2020.Day03", "AdventofCode2020.Day03\AdventofCode2020.Day03.fsproj", "{23F2C479-02DB-4D24-95F0-D6C89E6D3981}"
EndProject
Global
	GlobalSection(SolutionProperties) = preSolution
		HideSolutionNode = FALSE
	EndGlobalSection
	GlobalSection(SolutionConfigurationPlatforms) = preSolution
		Debug|Any CPU = Debug|Any CPU
		Debug|x64 = Debug|x64
		Debug|x86 = Debug|x86
		Release|Any CPU = Release|Any CPU
		Release|x64 = Release|x64
		Release|x86 = Release|x86
	EndGlobalSection
	GlobalSection(ProjectConfigurationPlatforms) = postSolution
		{B12C5269-8C5B-4A7B-B12D-C7988945619B}.Debug|Any CPU.ActiveCfg = Debug|Any CPU
		{B12C5269-8C5B-4A7B-B12D-C7988945619B}.Debug|Any CPU.Build.0 = Debug|Any CPU
		{B12C5269-8C5B-4A7B-B12D-C7988945619B}.Debug|x64.ActiveCfg = Debug|Any CPU
		{B12C5269-8C5B-4A7B-B12D-C7988945619B}.Debug|x64.Build.0 = Debug|Any CPU
		{B12C5269-8C5B-4A7B-B12D-C7988945619B}.Debug|x86.ActiveCfg = Debug|Any CPU
		{B12C5269-8C5B-4A7B-B12D-C7988945619B}.Debug|x86.Build.0 = Debug|Any CPU
		{B12C5269-8C5B-4A7B-B12D-C7988945619B}.Release|Any CPU.ActiveCfg = Release|Any CPU
		{B12C5269-8C5B-4A7B-B12D-C7988945619B}.Release|Any CPU.Build.0 = Release|Any CPU
		{B12C5269-8C5B-4A7B-B12D-C7988945619B}.Release|x64.ActiveCfg = Release|Any CPU
		{B12C5269-8C5B-4A7B-B12D-C7988945619B}.Release|x64.Build.0 = Release|Any CPU
		{B12C5269-8C5B-4A7B-B12D-C7988945619B}.Release|x86.ActiveCfg = Release|Any CPU
		{B12C5269-8C5B-4A7B-B12D-C7988945619B}.Release|x86.Build.0 = Release|Any CPU
		{69B19BF5-FE9F-4492-9896-DF65FC42086C}.Debug|Any CPU.ActiveCfg = Debug|Any CPU
		{69B19BF5-FE9F-4492-9896-DF65FC42086C}.Debug|Any CPU.Build.0 = Debug|Any CPU
		{69B19BF5-FE9F-4492-9896-DF65FC42086C}.Debug|x64.ActiveCfg = Debug|Any CPU
		{69B19BF5-FE9F-4492-9896-DF65FC42086C}.Debug|x64.Build.0 = Debug|Any CPU
		{69B19BF5-FE9F-4492-9896-DF65FC42086C}.Debug|x86.ActiveCfg = Debug|Any CPU
		{69B19BF5-FE9F-4492-9896-DF65FC42086C}.Debug|x86.Build.0 = Debug|Any CPU
		{69B19BF5-FE9F-4492-9896-DF65FC42086C}.Release|Any CPU.ActiveCfg = Release|Any CPU
		{69B19BF5-FE9F-4492-9896-DF65FC42086C}.Release|Any CPU.Build.0 = Release|Any CPU
		{69B19BF5-FE9F-4492-9896-DF65FC42086C}.Release|x64.ActiveCfg = Release|Any CPU
		{69B19BF5-FE9F-4492-9896-DF65FC42086C}.Release|x64.Build.0 = Release|Any CPU
		{69B19BF5-FE9F-4492-9896-DF65FC42086C}.Release|x86.ActiveCfg = Release|Any CPU
		{69B19BF5-FE9F-4492-9896-DF65FC42086C}.Release|x86.Build.0 = Release|Any CPU
		{23F2C479-02DB-4D24-95F0-D6C89E6D3981}.Debug|Any CPU.ActiveCfg = Debug|Any CPU
		{23F2C479-02DB-4D24-95F0-D6C89E6D3981}.Debug|Any CPU.Build.0 = Debug|Any CPU
		{23F2C479-02DB-4D24-95F0-D6C89E6D3981}.Debug|x64.ActiveCfg = Debug|Any CPU
		{23F2C479-02DB-4D24-95F0-D6C89E6D3981}.Debug|x64.Build.0 = Debug|Any CPU
		{23F2C479-02DB-4D24-95F0-D6C89E6D3981}.Debug|x86.ActiveCfg = Debug|Any CPU
		{23F2C479-02DB-4D24-95F0-D6C89E6D3981}.Debug|x86.Build.0 = Debug|Any CPU
		{23F2C479-02DB-4D24-95F0-D6C89E6D3981}.Release|Any CPU.ActiveCfg = Release|Any CPU
		{23F2C479-02DB-4D24-95F0-D6C89E6D3981}.Release|Any CPU.Build.0 = Release|Any CPU
		{23F2C479-02DB-4D24-95F0-D6C89E6D3981}.Release|x64.ActiveCfg = Release|Any CPU
		{23F2C479-02DB-4D24-95F0-D6C89E6D3981}.Release|x64.Build.0 = Release|Any CPU
		{23F2C479-02DB-4D24-95F0-D6C89E6D3981}.Release|x86.ActiveCfg = Release|Any CPU
		{23F2C479-02DB-4D24-95F0-D6C89E6D3981}.Release|x86.Build.0 = Release|Any CPU
	EndGlobalSection
EndGlobal
